
Microsoft Visual Studio Solution File, Format Version 12.00
# Visual Studio Version 17
VisualStudioVersion = 17.5.002.0
MinimumVisualStudioVersion = 10.0.40219.1
Project("{9A19103F-16F7-4668-BE54-9A1E7A4F7556}") = "app9", "app9.csproj", "{49B4CFE2-90E9-4FB9-8B45-92B7D51A4B79}"
EndProject
Global
	GlobalSection(SolutionConfigurationPlatforms) = preSolution
		Debug|Any CPU = Debug|Any CPU
		Release|Any CPU = Release|Any CPU
	EndGlobalSection
	GlobalSection(ProjectConfigurationPlatforms) = postSolution
		{49B4CFE2-90E9-4FB9-8B45-92B7D51A4B79}.Debug|Any CPU.ActiveCfg = Debug|Any CPU
		{49B4CFE2-90E9-4FB9-8B45-92B7D51A4B79}.Debug|Any CPU.Build.0 = Debug|Any CPU
		{49B4CFE2-90E9-4FB9-8B45-92B7D51A4B79}.Release|Any CPU.ActiveCfg = Release|Any CPU
		{49B4CFE2-90E9-4FB9-8B45-92B7D51A4B79}.Release|Any CPU.Build.0 = Release|Any CPU
	EndGlobalSection
	GlobalSection(SolutionProperties) = preSolution
		HideSolutionNode = FALSE
	EndGlobalSection
	GlobalSection(ExtensibilityGlobals) = postSolution
		SolutionGuid = {381AF527-11DB-438B-80AD-FAE5FBFF1669}
	EndGlobalSection
EndGlobal
